// !$*UTF8*$!
{
	archiveVersion = 1;
	classes = {
	};
	objectVersion = 56;
	objects = {

/* Begin PBXBuildFile section */
		732E4E322EFC25AA002DECA6 /* TileMatchManiaApp.swift in Sources */ = {isa = PBXBuildFile; fileRef = 732E4E2B2EFC25AA002DECA6 /* TileMatchManiaApp.swift */; };
		732E4E332EFC25AA002DECA6 /* README.md in Resources */ = {isa = PBXBuildFile; fileRef = 732E4E2C2EFC25AA002DECA6 /* README.md */; };
		7398D6A22EFC0530002FE476 /* Assets.xcassets in Resources */ = {isa = PBXBuildFile; fileRef = 7398D6A12EFC0530002FE476 /* Assets.xcassets */; };
		7398D6A52EFC0530002FE476 /* Preview Assets.xcassets in Resources */ = {isa = PBXBuildFile; fileRef = 7398D6A42EFC0530002FE476 /* Preview Assets.xcassets */; };
		73A0B1C22F00000100ABCDEF /* StorageDashboardView.swift in Sources */ = {isa = PBXBuildFile; fileRef = 73A0B1C12F00000100ABCDEF /* StorageDashboardView.swift */; };
		73A0B1C42F00000200ABCDEF /* DuplicatesView.swift in Sources */ = {isa = PBXBuildFile; fileRef = 73A0B1C32F00000200ABCDEF /* DuplicatesView.swift */; };
		73A0B1C62F00000300ABCDEF /* SimilarPhotosView.swift in Sources */ = {isa = PBXBuildFile; fileRef = 73A0B1C52F00000300ABCDEF /* SimilarPhotosView.swift */; };
		73A0B1C82F00000400ABCDEF /* LargeVideosView.swift in Sources */ = {isa = PBXBuildFile; fileRef = 73A0B1C72F00000400ABCDEF /* LargeVideosView.swift */; };
		73A0B1CA2F00000500ABCDEF /* SmartCleanView.swift in Sources */ = {isa = PBXBuildFile; fileRef = 73A0B1C92F00000500ABCDEF /* SmartCleanView.swift */; };
		73A0B1CC2F00000600ABCDEF /* SmartCleanResultsView.swift in Sources */ = {isa = PBXBuildFile; fileRef = 73A0B1CB2F00000600ABCDEF /* SmartCleanResultsView.swift */; };
/* End PBXBuildFile section */

/* Begin PBXFileReference section */
		732E4E182EFC24E8002DECA6 /* photoCleaner-Bridging-Header.h */ = {isa = PBXFileReference; lastKnownFileType = sourcecode.c.h; path = "photoCleaner-Bridging-Header.h"; sourceTree = "<group>"; };
		732E4E2B2EFC25AA002DECA6 /* TileMatchManiaApp.swift */ = {isa = PBXFileReference; fileEncoding = 4; lastKnownFileType = sourcecode.swift; path = TileMatchManiaApp.swift; sourceTree = "<group>"; };
		732E4E2C2EFC25AA002DECA6 /* README.md */ = {isa = PBXFileReference; fileEncoding = 4; lastKnownFileType = net.daringfireball.markdown; path = README.md; sourceTree = "<group>"; };
		7398D69A2EFC052E002FE476 /* photoCleaner.app */ = {isa = PBXFileReference; explicitFileType = wrapper.application; includeInIndex = 0; path = photoCleaner.app; sourceTree = BUILT_PRODUCTS_DIR; };
		7398D6A12EFC0530002FE476 /* Assets.xcassets */ = {isa = PBXFileReference; lastKnownFileType = folder.assetcatalog; path = Assets.xcassets; sourceTree = "<group>"; };
		7398D6A42EFC0530002FE476 /* Preview Assets.xcassets */ = {isa = PBXFileReference; lastKnownFileType = folder.assetcatalog; path = "Preview Assets.xcassets"; sourceTree = "<group>"; };
		73A0B1C12F00000100ABCDEF /* StorageDashboardView.swift */ = {isa = PBXFileReference; lastKnownFileType = sourcecode.swift; path = StorageDashboardView.swift; sourceTree = "<group>"; };
		73A0B1C32F00000200ABCDEF /* DuplicatesView.swift */ = {isa = PBXFileReference; lastKnownFileType = sourcecode.swift; path = DuplicatesView.swift; sourceTree = "<group>"; };
		73A0B1C52F00000300ABCDEF /* SimilarPhotosView.swift */ = {isa = PBXFileReference; lastKnownFileType = sourcecode.swift; path = SimilarPhotosView.swift; sourceTree = "<group>"; };
		73A0B1C72F00000400ABCDEF /* LargeVideosView.swift */ = {isa = PBXFileReference; lastKnownFileType = sourcecode.swift; path = LargeVideosView.swift; sourceTree = "<group>"; };
		73A0B1C92F00000500ABCDEF /* SmartCleanView.swift */ = {isa = PBXFileReference; lastKnownFileType = sourcecode.swift; path = SmartCleanView.swift; sourceTree = "<group>"; };
		73A0B1CB2F00000600ABCDEF /* SmartCleanResultsView.swift */ = {isa = PBXFileReference; lastKnownFileType = sourcecode.swift; path = SmartCleanResultsView.swift; sourceTree = "<group>"; };
/* End PBXFileReference section */

/* Begin PBXFrameworksBuildPhase section */
		7398D6972EFC052E002FE476 /* Frameworks */ = {
			isa = PBXFrameworksBuildPhase;
			buildActionMask = 2147483647;
			files = (
			);
			runOnlyForDeploymentPostprocessing = 0;
		};
/* End PBXFrameworksBuildPhase section */

/* Begin PBXGroup section */
		7398D6912EFC052E002FE476 = {
			isa = PBXGroup;
			children = (
				7398D69C2EFC052E002FE476 /* photoCleaner */,
				7398D69B2EFC052E002FE476 /* Products */,
			);
			sourceTree = "<group>";
		};
		7398D69B2EFC052E002FE476 /* Products */ = {
			isa = PBXGroup;
			children = (
				7398D69A2EFC052E002FE476 /* photoCleaner.app */,
			);
			name = Products;
			sourceTree = "<group>";
		};
		7398D69C2EFC052E002FE476 /* photoCleaner */ = {
			isa = PBXGroup;
			children = (
				732E4E2C2EFC25AA002DECA6 /* README.md */,
				732E4E2B2EFC25AA002DECA6 /* TileMatchManiaApp.swift */,
				73A0B1C12F00000100ABCDEF /* StorageDashboardView.swift */,
				73A0B1C32F00000200ABCDEF /* DuplicatesView.swift */,
				73A0B1C52F00000300ABCDEF /* SimilarPhotosView.swift */,
				73A0B1C72F00000400ABCDEF /* LargeVideosView.swift */,
				73A0B1C92F00000500ABCDEF /* SmartCleanView.swift */,
				73A0B1CB2F00000600ABCDEF /* SmartCleanResultsView.swift */,
				7398D6A12EFC0530002FE476 /* Assets.xcassets */,
				7398D6A32EFC0530002FE476 /* Preview Content */,
				732E4E182EFC24E8002DECA6 /* photoCleaner-Bridging-Header.h */,
			);
			path = photoCleaner;
			sourceTree = "<group>";
		};
		7398D6A32EFC0530002FE476 /* Preview Content */ = {
			isa = PBXGroup;
			children = (
				7398D6A42EFC0530002FE476 /* Preview Assets.xcassets */,
			);
			path = "Preview Content";
			sourceTree = "<group>";
		};
/* End PBXGroup section */

/* Begin PBXNativeTarget section */
		7398D6992EFC052E002FE476 /* photoCleaner */ = {
			isa = PBXNativeTarget;
			buildConfigurationList = 7398D6A82EFC0530002FE476 /* Build configuration list for PBXNativeTarget "photoCleaner" */;
			buildPhases = (
				7398D6962EFC052E002FE476 /* Sources */,
				7398D6972EFC052E002FE476 /* Frameworks */,
				7398D6982EFC052E002FE476 /* Resources */,
			);
			buildRules = (
			);
			dependencies = (
			);
			name = photoCleaner;
			productName = photoCleaner;
			productReference = 7398D69A2EFC052E002FE476 /* photoCleaner.app */;
			productType = "com.apple.product-type.application";
		};
/* End PBXNativeTarget section */

/* Begin PBXProject section */
		7398D6922EFC052E002FE476 /* Project object */ = {
			isa = PBXProject;
			attributes = {
				BuildIndependentTargetsInParallel = 1;
				LastSwiftUpdateCheck = 1540;
				LastUpgradeCheck = 1540;
				TargetAttributes = {
					7398D6992EFC052E002FE476 = {
						CreatedOnToolsVersion = 15.4;
						LastSwiftMigration = 1540;
					};
				};
			};
			buildConfigurationList = 7398D6952EFC052E002FE476 /* Build configuration list for PBXProject "photoCleaner" */;
			compatibilityVersion = "Xcode 14.0";
			developmentRegion = en;
			hasScannedForEncodings = 0;
			knownRegions = (
				en,
				Base,
			);
			mainGroup = 7398D6912EFC052E002FE476;
			productRefGroup = 7398D69B2EFC052E002FE476 /* Products */;
			projectDirPath = "";
			projectRoot = "";
			targets = (
				7398D6992EFC052E002FE476 /* photoCleaner */,
			);
		};
/* End PBXProject section */

/* Begin PBXResourcesBuildPhase section */
		7398D6982EFC052E002FE476 /* Resources */ = {
			isa = PBXResourcesBuildPhase;
			buildActionMask = 2147483647;
			files = (
				7398D6A52EFC0530002FE476 /* Preview Assets.xcassets in Resources */,
				732E4E332EFC25AA002DECA6 /* README.md in Resources */,
				7398D6A22EFC0530002FE476 /* Assets.xcassets in Resources */,
			);
			runOnlyForDeploymentPostprocessing = 0;
		};
/* End PBXResourcesBuildPhase section */

/* Begin PBXSourcesBuildPhase section */
		7398D6962EFC052E002FE476 /* Sources */ = {
			isa = PBXSourcesBuildPhase;
			buildActionMask = 2147483647;
			files = (
				732E4E322EFC25AA002DECA6 /* TileMatchManiaApp.swift in Sources */,
				73A0B1C22F00000100ABCDEF /* StorageDashboardView.swift in Sources */,
				73A0B1C42F00000200ABCDEF /* DuplicatesView.swift in Sources */,
				73A0B1C62F00000300ABCDEF /* SimilarPhotosView.swift in Sources */,
				73A0B1C82F00000400ABCDEF /* LargeVideosView.swift in Sources */,
				73A0B1CA2F00000500ABCDEF /* SmartCleanView.swift in Sources */,
				73A0B1CC2F00000600ABCDEF /* SmartCleanResultsView.swift in Sources */,
			);
			runOnlyForDeploymentPostprocessing = 0;
		};
/* End PBXSourcesBuildPhase section */

/* Begin XCBuildConfiguration section */
		7398D6A62EFC0530002FE476 /* Debug */ = {
			isa = XCBuildConfiguration;
			buildSettings = {
				ALWAYS_SEARCH_USER_PATHS = NO;
				ASSETCATALOG_COMPILER_GENERATE_SWIFT_ASSET_SYMBOL_EXTENSIONS = YES;
				CLANG_ANALYZER_NONNULL = YES;
				CLANG_ANALYZER_NUMBER_OBJECT_CONVERSION = YES_AGGRESSIVE;
				CLANG_CXX_LANGUAGE_STANDARD = "gnu++20";
				CLANG_ENABLE_MODULES = YES;
				CLANG_ENABLE_OBJC_ARC = YES;
				CLANG_ENABLE_OBJC_WEAK = YES;
				CLANG_WARN_BLOCK_CAPTURE_AUTORELEASING = YES;
				CLANG_WARN_BOOL_CONVERSION = YES;
				CLANG_WARN_COMMA = YES;
				CLANG_WARN_CONSTANT_CONVERSION = YES;
				CLANG_WARN_DEPRECATED_OBJC_IMPLEMENTATIONS = YES;
				CLANG_WARN_DIRECT_OBJC_ISA_USAGE = YES_ERROR;
				CLANG_WARN_DOCUMENTATION_COMMENTS = YES;
				CLANG_WARN_EMPTY_BODY = YES;
				CLANG_WARN_ENUM_CONVERSION = YES;
				CLANG_WARN_INFINITE_RECURSION = YES;
				CLANG_WARN_INT_CONVERSION = YES;
				CLANG_WARN_NON_LITERAL_NULL_CONVERSION = YES;
				CLANG_WARN_OBJC_IMPLICIT_RETAIN_SELF = YES;
				CLANG_WARN_OBJC_LITERAL_CONVERSION = YES;
				CLANG_WARN_OBJC_ROOT_CLASS = YES_ERROR;
				CLANG_WARN_QUOTED_INCLUDE_IN_FRAMEWORK_HEADER = YES;
				CLANG_WARN_RANGE_LOOP_ANALYSIS = YES;
				CLANG_WARN_STRICT_PROTOTYPES = YES;
				CLANG_WARN_SUSPICIOUS_MOVE = YES;
				CLANG_WARN_UNGUARDED_AVAILABILITY = YES_AGGRESSIVE;
				CLANG_WARN_UNREACHABLE_CODE = YES;
				CLANG_WARN__DUPLICATE_METHOD_MATCH = YES;
				COPY_PHASE_STRIP = NO;
				DEBUG_INFORMATION_FORMAT = dwarf;
				ENABLE_STRICT_OBJC_MSGSEND = YES;
				ENABLE_TESTABILITY = YES;
				ENABLE_USER_SCRIPT_SANDBOXING = YES;
				GCC_C_LANGUAGE_STANDARD = gnu17;
				GCC_DYNAMIC_NO_PIC = NO;
				GCC_NO_COMMON_BLOCKS = YES;
				GCC_OPTIMIZATION_LEVEL = 0;
				GCC_PREPROCESSOR_DEFINITIONS = (
					"DEBUG=1",
					"$(inherited)",
				);
				GCC_WARN_64_TO_32_BIT_CONVERSION = YES;
				GCC_WARN_ABOUT_RETURN_TYPE = YES_ERROR;
				GCC_WARN_UNDECLARED_SELECTOR = YES;
				GCC_WARN_UNINITIALIZED_AUTOS = YES_AGGRESSIVE;
				GCC_WARN_UNUSED_FUNCTION = YES;
				GCC_WARN_UNUSED_VARIABLE = YES;
				IPHONEOS_DEPLOYMENT_TARGET = 17.5;
				LOCALIZATION_PREFERS_STRING_CATALOGS = YES;
				MTL_ENABLE_DEBUG_INFO = INCLUDE_SOURCE;
				MTL_FAST_MATH = YES;
				ONLY_ACTIVE_ARCH = YES;
				SDKROOT = iphoneos;
				SWIFT_ACTIVE_COMPILATION_CONDITIONS = "DEBUG $(inherited)";
				SWIFT_OPTIMIZATION_LEVEL = "-Onone";
			};
			name = Debug;
		};
		7398D6A72EFC0530002FE476 /* Release */ = {
			isa = XCBuildConfiguration;
			buildSettings = {
				ALWAYS_SEARCH_USER_PATHS = NO;
				ASSETCATALOG_COMPILER_GENERATE_SWIFT_ASSET_SYMBOL_EXTENSIONS = YES;
				CLANG_ANALYZER_NONNULL = YES;
				CLANG_ANALYZER_NUMBER_OBJECT_CONVERSION = YES_AGGRESSIVE;
				CLANG_CXX_LANGUAGE_STANDARD = "gnu++20";
				CLANG_ENABLE_MODULES = YES;
				CLANG_ENABLE_OBJC_ARC = YES;
				CLANG_ENABLE_OBJC_WEAK = YES;
				CLANG_WARN_BLOCK_CAPTURE_AUTORELEASING = YES;
				CLANG_WARN_BOOL_CONVERSION = YES;
				CLANG_WARN_COMMA = YES;
				CLANG_WARN_CONSTANT_CONVERSION = YES;
				CLANG_WARN_DEPRECATED_OBJC_IMPLEMENTATIONS = YES;
				CLANG_WARN_DIRECT_OBJC_ISA_USAGE = YES_ERROR;
				CLANG_WARN_DOCUMENTATION_COMMENTS = YES;
				CLANG_WARN_EMPTY_BODY = YES;
				CLANG_WARN_ENUM_CONVERSION = YES;
				CLANG_WARN_INFINITE_RECURSION = YES;
				CLANG_WARN_INT_CONVERSION = YES;
				CLANG_WARN_NON_LITERAL_NULL_CONVERSION = YES;
				CLANG_WARN_OBJC_IMPLICIT_RETAIN_SELF = YES;
				CLANG_WARN_OBJC_LITERAL_CONVERSION = YES;
				CLANG_WARN_OBJC_ROOT_CLASS = YES_ERROR;
				CLANG_WARN_QUOTED_INCLUDE_IN_FRAMEWORK_HEADER = YES;
				CLANG_WARN_RANGE_LOOP_ANALYSIS = YES;
				CLANG_WARN_STRICT_PROTOTYPES = YES;
				CLANG_WARN_SUSPICIOUS_MOVE = YES;
				CLANG_WARN_UNGUARDED_AVAILABILITY = YES_AGGRESSIVE;
				CLANG_WARN_UNREACHABLE_CODE = YES;
				CLANG_WARN__DUPLICATE_METHOD_MATCH = YES;
				COPY_PHASE_STRIP = NO;
				DEBUG_INFORMATION_FORMAT = "dwarf-with-dsym";
				ENABLE_NS_ASSERTIONS = NO;
				ENABLE_STRICT_OBJC_MSGSEND = YES;
				ENABLE_USER_SCRIPT_SANDBOXING = YES;
				GCC_C_LANGUAGE_STANDARD = gnu17;
				GCC_NO_COMMON_BLOCKS = YES;
				GCC_WARN_64_TO_32_BIT_CONVERSION = YES;
				GCC_WARN_ABOUT_RETURN_TYPE = YES_ERROR;
				GCC_WARN_UNDECLARED_SELECTOR = YES;
				GCC_WARN_UNINITIALIZED_AUTOS = YES_AGGRESSIVE;
				GCC_WARN_UNUSED_FUNCTION = YES;
				GCC_WARN_UNUSED_VARIABLE = YES;
				IPHONEOS_DEPLOYMENT_TARGET = 17.5;
				LOCALIZATION_PREFERS_STRING_CATALOGS = YES;
				MTL_ENABLE_DEBUG_INFO = NO;
				MTL_FAST_MATH = YES;
				SDKROOT = iphoneos;
				SWIFT_COMPILATION_MODE = wholemodule;
				VALIDATE_PRODUCT = YES;
			};
			name = Release;
		};
		7398D6A92EFC0530002FE476 /* Debug */ = {
			isa = XCBuildConfiguration;
			buildSettings = {
				ASSETCATALOG_COMPILER_APPICON_NAME = AppIcon;
				ASSETCATALOG_COMPILER_GLOBAL_ACCENT_COLOR_NAME = AccentColor;
				CLANG_ENABLE_MODULES = YES;
				"CODE_SIGN_IDENTITY[sdk=iphoneos*]" = "iPhone Developer";
				CODE_SIGN_STYLE = Manual;
				CURRENT_PROJECT_VERSION = 2;
				DEVELOPMENT_ASSET_PATHS = "\"photoCleaner/Preview Content\"";
				DEVELOPMENT_TEAM = "";
				"DEVELOPMENT_TEAM[sdk=iphoneos*]" = 48QSTMJGHX;
				ENABLE_PREVIEWS = YES;
				GENERATE_INFOPLIST_FILE = YES;
				INFOPLIST_KEY_NSPhotoLibraryUsageDescription = "用于扫描并清理你相册里较早的照片和视频。";
				INFOPLIST_KEY_UIApplicationSceneManifest_Generation = YES;
				INFOPLIST_KEY_UIApplicationSupportsIndirectInputEvents = YES;
				INFOPLIST_KEY_UILaunchScreen_Generation = YES;
				INFOPLIST_KEY_UISupportedInterfaceOrientations_iPad = "UIInterfaceOrientationPortrait UIInterfaceOrientationPortraitUpsideDown UIInterfaceOrientationLandscapeLeft UIInterfaceOrientationLandscapeRight";
				INFOPLIST_KEY_UISupportedInterfaceOrientations_iPhone = "UIInterfaceOrientationPortrait UIInterfaceOrientationLandscapeLeft UIInterfaceOrientationLandscapeRight";
				LD_RUNPATH_SEARCH_PATHS = (
					"$(inherited)",
					"@executable_path/Frameworks",
				);
				MARKETING_VERSION = 1.2;
				PRODUCT_BUNDLE_IDENTIFIER = com.bruce.photoCleaner;
				PRODUCT_NAME = "$(TARGET_NAME)";
				PROVISIONING_PROFILE_SPECIFIER = "";
				"PROVISIONING_PROFILE_SPECIFIER[sdk=iphoneos*]" = imho;
				SWIFT_EMIT_LOC_STRINGS = YES;
				SWIFT_OBJC_BRIDGING_HEADER = "photoCleaner/photoCleaner-Bridging-Header.h";
				SWIFT_OPTIMIZATION_LEVEL = "-Onone";
				SWIFT_VERSION = 5.0;
				TARGETED_DEVICE_FAMILY = "1,2";
			};
			name = Debug;
		};
		7398D6AA2EFC0530002FE476 /* Release */ = {
			isa = XCBuildConfiguration;
			buildSettings = {
				ASSETCATALOG_COMPILER_APPICON_NAME = AppIcon;
				ASSETCATALOG_COMPILER_GLOBAL_ACCENT_COLOR_NAME = AccentColor;
				CLANG_ENABLE_MODULES = YES;
				"CODE_SIGN_IDENTITY[sdk=iphoneos*]" = "iPhone Developer";
				CODE_SIGN_STYLE = Manual;
				CURRENT_PROJECT_VERSION = 2;
				DEVELOPMENT_ASSET_PATHS = "\"photoCleaner/Preview Content\"";
				DEVELOPMENT_TEAM = "";
				"DEVELOPMENT_TEAM[sdk=iphoneos*]" = 48QSTMJGHX;
				ENABLE_PREVIEWS = YES;
				GENERATE_INFOPLIST_FILE = YES;
				INFOPLIST_KEY_NSPhotoLibraryUsageDescription = "用于扫描并清理你相册里较早的照片和视频。";
				INFOPLIST_KEY_UIApplicationSceneManifest_Generation = YES;
				INFOPLIST_KEY_UIApplicationSupportsIndirectInputEvents = YES;
				INFOPLIST_KEY_UILaunchScreen_Generation = YES;
				INFOPLIST_KEY_UISupportedInterfaceOrientations_iPad = "UIInterfaceOrientationPortrait UIInterfaceOrientationPortraitUpsideDown UIInterfaceOrientationLandscapeLeft UIInterfaceOrientationLandscapeRight";
				INFOPLIST_KEY_UISupportedInterfaceOrientations_iPhone = "UIInterfaceOrientationPortrait UIInterfaceOrientationLandscapeLeft UIInterfaceOrientationLandscapeRight";
				LD_RUNPATH_SEARCH_PATHS = (
					"$(inherited)",
					"@executable_path/Frameworks",
				);
				MARKETING_VERSION = 1.2;
				PRODUCT_BUNDLE_IDENTIFIER = com.bruce.photoCleaner;
				PRODUCT_NAME = "$(TARGET_NAME)";
				PROVISIONING_PROFILE_SPECIFIER = "";
				"PROVISIONING_PROFILE_SPECIFIER[sdk=iphoneos*]" = imho;
				SWIFT_EMIT_LOC_STRINGS = YES;
				SWIFT_OBJC_BRIDGING_HEADER = "photoCleaner/photoCleaner-Bridging-Header.h";
				SWIFT_VERSION = 5.0;
				TARGETED_DEVICE_FAMILY = "1,2";
			};
			name = Release;
		};
/* End XCBuildConfiguration section */

/* Begin XCConfigurationList section */
		7398D6952EFC052E002FE476 /* Build configuration list for PBXProject "photoCleaner" */ = {
			isa = XCConfigurationList;
			buildConfigurations = (
				7398D6A62EFC0530002FE476 /* Debug */,
				7398D6A72EFC0530002FE476 /* Release */,
			);
			defaultConfigurationIsVisible = 0;
			defaultConfigurationName = Release;
		};
		7398D6A82EFC0530002FE476 /* Build configuration list for PBXNativeTarget "photoCleaner" */ = {
			isa = XCConfigurationList;
			buildConfigurations = (
				7398D6A92EFC0530002FE476 /* Debug */,
				7398D6AA2EFC0530002FE476 /* Release */,
			);
			defaultConfigurationIsVisible = 0;
			defaultConfigurationName = Release;
		};
/* End XCConfigurationList section */
	};
	rootObject = 7398D6922EFC052E002FE476 /* Project object */;
}
